
Microsoft Visual Studio Solution File, Format Version 12.00
# Visual Studio 15
VisualStudioVersion = 15.0.27703.2035
MinimumVisualStudioVersion = 10.0.40219.1
Project("{FAE04EC0-301F-11D3-BF4B-00C04F79EFBC}") = "WebApplication2", "WebApplication2\WebApplication2.csproj", "{486FE6BB-1787-4DC2-AD07-CF84B692CD0C}"
EndProject
Global
	GlobalSection(SolutionConfigurationPlatforms) = preSolution
		Debug|Any CPU = Debug|Any CPU
		Release|Any CPU = Release|Any CPU
	EndGlobalSection
	GlobalSection(ProjectConfigurationPlatforms) = postSolution
		{486FE6BB-1787-4DC2-AD07-CF84B692CD0C}.Debug|Any CPU.ActiveCfg = Debug|Any CPU
		{486FE6BB-1787-4DC2-AD07-CF84B692CD0C}.Debug|Any CPU.Build.0 = Debug|Any CPU
		{486FE6BB-1787-4DC2-AD07-CF84B692CD0C}.Release|Any CPU.ActiveCfg = Release|Any CPU
		{486FE6BB-1787-4DC2-AD07-CF84B692CD0C}.Release|Any CPU.Build.0 = Release|Any CPU
	EndGlobalSection
	GlobalSection(SolutionProperties) = preSolution
		HideSolutionNode = FALSE
	EndGlobalSection
	GlobalSection(ExtensibilityGlobals) = postSolution
		SolutionGuid = {F81EC3B3-1362-4F97-98B4-E92A1732CEFC}
	EndGlobalSection
EndGlobal
